// !$*UTF8*$!
{
	archiveVersion = 1;
	classes = {
	};
	objectVersion = 56;
	objects = {

/* Begin PBXBuildFile section */
		BBCEEF042BA3218B00B11226 /* SearchPanel.swift in Sources */ = {isa = PBXBuildFile; fileRef = BBCEEF032BA3218B00B11226 /* SearchPanel.swift */; };
		BBCEEF062BA3223E00B11226 /* SearchInformation.swift in Sources */ = {isa = PBXBuildFile; fileRef = BBCEEF052BA3223E00B11226 /* SearchInformation.swift */; };
		BBCEEF082BA3232A00B11226 /* SearchVacancy.swift in Sources */ = {isa = PBXBuildFile; fileRef = BBCEEF072BA3232A00B11226 /* SearchVacancy.swift */; };
		BBCEEF0A2BA32CE700B11226 /* Vacancy.swift in Sources */ = {isa = PBXBuildFile; fileRef = BBCEEF092BA32CE700B11226 /* Vacancy.swift */; };
		BBCEEF0D2BA444ED00B11226 /* VacancyHeader.swift in Sources */ = {isa = PBXBuildFile; fileRef = BBCEEF0C2BA444ED00B11226 /* VacancyHeader.swift */; };
		BBCEEF0F2BA4459200B11226 /* VacancyNotifications.swift in Sources */ = {isa = PBXBuildFile; fileRef = BBCEEF0E2BA4459200B11226 /* VacancyNotifications.swift */; };
		BBCEEF112BA4464600B11226 /* VacancyMap.swift in Sources */ = {isa = PBXBuildFile; fileRef = BBCEEF102BA4464600B11226 /* VacancyMap.swift */; };
		BBCEEF132BA446CF00B11226 /* VacancyDescription.swift in Sources */ = {isa = PBXBuildFile; fileRef = BBCEEF122BA446CF00B11226 /* VacancyDescription.swift */; };
		BBCEEF152BA4496E00B11226 /* VacancyResponse.swift in Sources */ = {isa = PBXBuildFile; fileRef = BBCEEF142BA4496D00B11226 /* VacancyResponse.swift */; };
		BBFE2F1F2BA1928500094AF1 /* JobSearchApp.swift in Sources */ = {isa = PBXBuildFile; fileRef = BBFE2F1E2BA1928500094AF1 /* JobSearchApp.swift */; };
		BBFE2F212BA1928500094AF1 /* TabBar.swift in Sources */ = {isa = PBXBuildFile; fileRef = BBFE2F202BA1928500094AF1 /* TabBar.swift */; };
		BBFE2F232BA1928700094AF1 /* Assets.xcassets in Resources */ = {isa = PBXBuildFile; fileRef = BBFE2F222BA1928700094AF1 /* Assets.xcassets */; };
		BBFE2F262BA1928700094AF1 /* Preview Assets.xcassets in Resources */ = {isa = PBXBuildFile; fileRef = BBFE2F252BA1928700094AF1 /* Preview Assets.xcassets */; };
		BBFE2F2D2BA1A43C00094AF1 /* Favourites.swift in Sources */ = {isa = PBXBuildFile; fileRef = BBFE2F2C2BA1A43C00094AF1 /* Favourites.swift */; };
		BBFE2F2F2BA1A7CF00094AF1 /* Model.swift in Sources */ = {isa = PBXBuildFile; fileRef = BBFE2F2E2BA1A7CF00094AF1 /* Model.swift */; };
		BBFE2F322BA1AA5D00094AF1 /* Responses.swift in Sources */ = {isa = PBXBuildFile; fileRef = BBFE2F312BA1AA5D00094AF1 /* Responses.swift */; };
		BBFE2F342BA1AAF700094AF1 /* Messages.swift in Sources */ = {isa = PBXBuildFile; fileRef = BBFE2F332BA1AAF700094AF1 /* Messages.swift */; };
		BBFE2F362BA1AB8700094AF1 /* Profile.swift in Sources */ = {isa = PBXBuildFile; fileRef = BBFE2F352BA1AB8700094AF1 /* Profile.swift */; };
		BBFE2F382BA1ABFC00094AF1 /* Search.swift in Sources */ = {isa = PBXBuildFile; fileRef = BBFE2F372BA1ABFC00094AF1 /* Search.swift */; };
/* End PBXBuildFile section */

/* Begin PBXFileReference section */
		BBCEEF032BA3218B00B11226 /* SearchPanel.swift */ = {isa = PBXFileReference; lastKnownFileType = sourcecode.swift; path = SearchPanel.swift; sourceTree = "<group>"; };
		BBCEEF052BA3223E00B11226 /* SearchInformation.swift */ = {isa = PBXFileReference; lastKnownFileType = sourcecode.swift; path = SearchInformation.swift; sourceTree = "<group>"; };
		BBCEEF072BA3232A00B11226 /* SearchVacancy.swift */ = {isa = PBXFileReference; lastKnownFileType = sourcecode.swift; path = SearchVacancy.swift; sourceTree = "<group>"; };
		BBCEEF092BA32CE700B11226 /* Vacancy.swift */ = {isa = PBXFileReference; lastKnownFileType = sourcecode.swift; path = Vacancy.swift; sourceTree = "<group>"; };
		BBCEEF0C2BA444ED00B11226 /* VacancyHeader.swift */ = {isa = PBXFileReference; lastKnownFileType = sourcecode.swift; path = VacancyHeader.swift; sourceTree = "<group>"; };
		BBCEEF0E2BA4459200B11226 /* VacancyNotifications.swift */ = {isa = PBXFileReference; lastKnownFileType = sourcecode.swift; path = VacancyNotifications.swift; sourceTree = "<group>"; };
		BBCEEF102BA4464600B11226 /* VacancyMap.swift */ = {isa = PBXFileReference; lastKnownFileType = sourcecode.swift; path = VacancyMap.swift; sourceTree = "<group>"; };
		BBCEEF122BA446CF00B11226 /* VacancyDescription.swift */ = {isa = PBXFileReference; lastKnownFileType = sourcecode.swift; path = VacancyDescription.swift; sourceTree = "<group>"; };
		BBCEEF142BA4496D00B11226 /* VacancyResponse.swift */ = {isa = PBXFileReference; lastKnownFileType = sourcecode.swift; path = VacancyResponse.swift; sourceTree = "<group>"; };
		BBFE2F1B2BA1928500094AF1 /* JobSearch.app */ = {isa = PBXFileReference; explicitFileType = wrapper.application; includeInIndex = 0; path = JobSearch.app; sourceTree = BUILT_PRODUCTS_DIR; };
		BBFE2F1E2BA1928500094AF1 /* JobSearchApp.swift */ = {isa = PBXFileReference; lastKnownFileType = sourcecode.swift; path = JobSearchApp.swift; sourceTree = "<group>"; };
		BBFE2F202BA1928500094AF1 /* TabBar.swift */ = {isa = PBXFileReference; lastKnownFileType = sourcecode.swift; path = TabBar.swift; sourceTree = "<group>"; };
		BBFE2F222BA1928700094AF1 /* Assets.xcassets */ = {isa = PBXFileReference; lastKnownFileType = folder.assetcatalog; path = Assets.xcassets; sourceTree = "<group>"; };
		BBFE2F252BA1928700094AF1 /* Preview Assets.xcassets */ = {isa = PBXFileReference; lastKnownFileType = folder.assetcatalog; path = "Preview Assets.xcassets"; sourceTree = "<group>"; };
		BBFE2F2C2BA1A43C00094AF1 /* Favourites.swift */ = {isa = PBXFileReference; lastKnownFileType = sourcecode.swift; path = Favourites.swift; sourceTree = "<group>"; };
		BBFE2F2E2BA1A7CF00094AF1 /* Model.swift */ = {isa = PBXFileReference; lastKnownFileType = sourcecode.swift; path = Model.swift; sourceTree = "<group>"; };
		BBFE2F312BA1AA5D00094AF1 /* Responses.swift */ = {isa = PBXFileReference; lastKnownFileType = sourcecode.swift; path = Responses.swift; sourceTree = "<group>"; };
		BBFE2F332BA1AAF700094AF1 /* Messages.swift */ = {isa = PBXFileReference; lastKnownFileType = sourcecode.swift; path = Messages.swift; sourceTree = "<group>"; };
		BBFE2F352BA1AB8700094AF1 /* Profile.swift */ = {isa = PBXFileReference; lastKnownFileType = sourcecode.swift; path = Profile.swift; sourceTree = "<group>"; };
		BBFE2F372BA1ABFC00094AF1 /* Search.swift */ = {isa = PBXFileReference; lastKnownFileType = sourcecode.swift; path = Search.swift; sourceTree = "<group>"; };
/* End PBXFileReference section */

/* Begin PBXFrameworksBuildPhase section */
		BBFE2F182BA1928500094AF1 /* Frameworks */ = {
			isa = PBXFrameworksBuildPhase;
			buildActionMask = 2147483647;
			files = (
			);
			runOnlyForDeploymentPostprocessing = 0;
		};
/* End PBXFrameworksBuildPhase section */

/* Begin PBXGroup section */
		BBCEEF022BA3214D00B11226 /* Search */ = {
			isa = PBXGroup;
			children = (
				BBFE2F372BA1ABFC00094AF1 /* Search.swift */,
				BBCEEF032BA3218B00B11226 /* SearchPanel.swift */,
				BBCEEF052BA3223E00B11226 /* SearchInformation.swift */,
				BBCEEF072BA3232A00B11226 /* SearchVacancy.swift */,
			);
			path = Search;
			sourceTree = "<group>";
		};
		BBCEEF0B2BA4449900B11226 /* Vacancy */ = {
			isa = PBXGroup;
			children = (
				BBCEEF092BA32CE700B11226 /* Vacancy.swift */,
				BBCEEF0C2BA444ED00B11226 /* VacancyHeader.swift */,
				BBCEEF0E2BA4459200B11226 /* VacancyNotifications.swift */,
				BBCEEF102BA4464600B11226 /* VacancyMap.swift */,
				BBCEEF122BA446CF00B11226 /* VacancyDescription.swift */,
				BBCEEF142BA4496D00B11226 /* VacancyResponse.swift */,
			);
			path = Vacancy;
			sourceTree = "<group>";
		};
		BBFE2F122BA1928500094AF1 = {
			isa = PBXGroup;
			children = (
				BBFE2F1D2BA1928500094AF1 /* JobSearch */,
				BBFE2F1C2BA1928500094AF1 /* Products */,
			);
			sourceTree = "<group>";
		};
		BBFE2F1C2BA1928500094AF1 /* Products */ = {
			isa = PBXGroup;
			children = (
				BBFE2F1B2BA1928500094AF1 /* JobSearch.app */,
			);
			name = Products;
			sourceTree = "<group>";
		};
		BBFE2F1D2BA1928500094AF1 /* JobSearch */ = {
			isa = PBXGroup;
			children = (
				BBFE2F302BA1AA2300094AF1 /* View */,
				BBFE2F1E2BA1928500094AF1 /* JobSearchApp.swift */,
				BBFE2F222BA1928700094AF1 /* Assets.xcassets */,
				BBFE2F2E2BA1A7CF00094AF1 /* Model.swift */,
				BBFE2F242BA1928700094AF1 /* Preview Content */,
			);
			path = JobSearch;
			sourceTree = "<group>";
		};
		BBFE2F242BA1928700094AF1 /* Preview Content */ = {
			isa = PBXGroup;
			children = (
				BBFE2F252BA1928700094AF1 /* Preview Assets.xcassets */,
			);
			path = "Preview Content";
			sourceTree = "<group>";
		};
		BBFE2F302BA1AA2300094AF1 /* View */ = {
			isa = PBXGroup;
			children = (
				BBCEEF022BA3214D00B11226 /* Search */,
				BBCEEF0B2BA4449900B11226 /* Vacancy */,
				BBFE2F2C2BA1A43C00094AF1 /* Favourites.swift */,
				BBFE2F312BA1AA5D00094AF1 /* Responses.swift */,
				BBFE2F332BA1AAF700094AF1 /* Messages.swift */,
				BBFE2F352BA1AB8700094AF1 /* Profile.swift */,
				BBFE2F202BA1928500094AF1 /* TabBar.swift */,
			);
			path = View;
			sourceTree = "<group>";
		};
/* End PBXGroup section */

/* Begin PBXNativeTarget section */
		BBFE2F1A2BA1928500094AF1 /* JobSearch */ = {
			isa = PBXNativeTarget;
			buildConfigurationList = BBFE2F292BA1928700094AF1 /* Build configuration list for PBXNativeTarget "JobSearch" */;
			buildPhases = (
				BBFE2F172BA1928500094AF1 /* Sources */,
				BBFE2F182BA1928500094AF1 /* Frameworks */,
				BBFE2F192BA1928500094AF1 /* Resources */,
			);
			buildRules = (
			);
			dependencies = (
			);
			name = JobSearch;
			productName = JobSearch;
			productReference = BBFE2F1B2BA1928500094AF1 /* JobSearch.app */;
			productType = "com.apple.product-type.application";
		};
/* End PBXNativeTarget section */

/* Begin PBXProject section */
		BBFE2F132BA1928500094AF1 /* Project object */ = {
			isa = PBXProject;
			attributes = {
				BuildIndependentTargetsInParallel = 1;
				LastSwiftUpdateCheck = 1520;
				LastUpgradeCheck = 1520;
				TargetAttributes = {
					BBFE2F1A2BA1928500094AF1 = {
						CreatedOnToolsVersion = 15.2;
					};
				};
			};
			buildConfigurationList = BBFE2F162BA1928500094AF1 /* Build configuration list for PBXProject "JobSearch" */;
			compatibilityVersion = "Xcode 14.0";
			developmentRegion = en;
			hasScannedForEncodings = 0;
			knownRegions = (
				en,
				Base,
			);
			mainGroup = BBFE2F122BA1928500094AF1;
			productRefGroup = BBFE2F1C2BA1928500094AF1 /* Products */;
			projectDirPath = "";
			projectRoot = "";
			targets = (
				BBFE2F1A2BA1928500094AF1 /* JobSearch */,
			);
		};
/* End PBXProject section */

/* Begin PBXResourcesBuildPhase section */
		BBFE2F192BA1928500094AF1 /* Resources */ = {
			isa = PBXResourcesBuildPhase;
			buildActionMask = 2147483647;
			files = (
				BBFE2F262BA1928700094AF1 /* Preview Assets.xcassets in Resources */,
				BBFE2F232BA1928700094AF1 /* Assets.xcassets in Resources */,
			);
			runOnlyForDeploymentPostprocessing = 0;
		};
/* End PBXResourcesBuildPhase section */

/* Begin PBXSourcesBuildPhase section */
		BBFE2F172BA1928500094AF1 /* Sources */ = {
			isa = PBXSourcesBuildPhase;
			buildActionMask = 2147483647;
			files = (
				BBCEEF042BA3218B00B11226 /* SearchPanel.swift in Sources */,
				BBFE2F322BA1AA5D00094AF1 /* Responses.swift in Sources */,
				BBCEEF062BA3223E00B11226 /* SearchInformation.swift in Sources */,
				BBCEEF152BA4496E00B11226 /* VacancyResponse.swift in Sources */,
				BBFE2F342BA1AAF700094AF1 /* Messages.swift in Sources */,
				BBFE2F212BA1928500094AF1 /* TabBar.swift in Sources */,
				BBCEEF0D2BA444ED00B11226 /* VacancyHeader.swift in Sources */,
				BBCEEF0A2BA32CE700B11226 /* Vacancy.swift in Sources */,
				BBFE2F362BA1AB8700094AF1 /* Profile.swift in Sources */,
				BBCEEF082BA3232A00B11226 /* SearchVacancy.swift in Sources */,
				BBFE2F1F2BA1928500094AF1 /* JobSearchApp.swift in Sources */,
				BBCEEF0F2BA4459200B11226 /* VacancyNotifications.swift in Sources */,
				BBFE2F382BA1ABFC00094AF1 /* Search.swift in Sources */,
				BBCEEF132BA446CF00B11226 /* VacancyDescription.swift in Sources */,
				BBCEEF112BA4464600B11226 /* VacancyMap.swift in Sources */,
				BBFE2F2D2BA1A43C00094AF1 /* Favourites.swift in Sources */,
				BBFE2F2F2BA1A7CF00094AF1 /* Model.swift in Sources */,
			);
			runOnlyForDeploymentPostprocessing = 0;
		};
/* End PBXSourcesBuildPhase section */

/* Begin XCBuildConfiguration section */
		BBFE2F272BA1928700094AF1 /* Debug */ = {
			isa = XCBuildConfiguration;
			buildSettings = {
				ALWAYS_SEARCH_USER_PATHS = NO;
				ASSETCATALOG_COMPILER_GENERATE_SWIFT_ASSET_SYMBOL_EXTENSIONS = YES;
				CLANG_ANALYZER_NONNULL = YES;
				CLANG_ANALYZER_NUMBER_OBJECT_CONVERSION = YES_AGGRESSIVE;
				CLANG_CXX_LANGUAGE_STANDARD = "gnu++20";
				CLANG_ENABLE_MODULES = YES;
				CLANG_ENABLE_OBJC_ARC = YES;
				CLANG_ENABLE_OBJC_WEAK = YES;
				CLANG_WARN_BLOCK_CAPTURE_AUTORELEASING = YES;
				CLANG_WARN_BOOL_CONVERSION = YES;
				CLANG_WARN_COMMA = YES;
				CLANG_WARN_CONSTANT_CONVERSION = YES;
				CLANG_WARN_DEPRECATED_OBJC_IMPLEMENTATIONS = YES;
				CLANG_WARN_DIRECT_OBJC_ISA_USAGE = YES_ERROR;
				CLANG_WARN_DOCUMENTATION_COMMENTS = YES;
				CLANG_WARN_EMPTY_BODY = YES;
				CLANG_WARN_ENUM_CONVERSION = YES;
				CLANG_WARN_INFINITE_RECURSION = YES;
				CLANG_WARN_INT_CONVERSION = YES;
				CLANG_WARN_NON_LITERAL_NULL_CONVERSION = YES;
				CLANG_WARN_OBJC_IMPLICIT_RETAIN_SELF = YES;
				CLANG_WARN_OBJC_LITERAL_CONVERSION = YES;
				CLANG_WARN_OBJC_ROOT_CLASS = YES_ERROR;
				CLANG_WARN_QUOTED_INCLUDE_IN_FRAMEWORK_HEADER = YES;
				CLANG_WARN_RANGE_LOOP_ANALYSIS = YES;
				CLANG_WARN_STRICT_PROTOTYPES = YES;
				CLANG_WARN_SUSPICIOUS_MOVE = YES;
				CLANG_WARN_UNGUARDED_AVAILABILITY = YES_AGGRESSIVE;
				CLANG_WARN_UNREACHABLE_CODE = YES;
				CLANG_WARN__DUPLICATE_METHOD_MATCH = YES;
				COPY_PHASE_STRIP = NO;
				DEBUG_INFORMATION_FORMAT = dwarf;
				ENABLE_STRICT_OBJC_MSGSEND = YES;
				ENABLE_TESTABILITY = YES;
				ENABLE_USER_SCRIPT_SANDBOXING = YES;
				GCC_C_LANGUAGE_STANDARD = gnu17;
				GCC_DYNAMIC_NO_PIC = NO;
				GCC_NO_COMMON_BLOCKS = YES;
				GCC_OPTIMIZATION_LEVEL = 0;
				GCC_PREPROCESSOR_DEFINITIONS = (
					"DEBUG=1",
					"$(inherited)",
				);
				GCC_WARN_64_TO_32_BIT_CONVERSION = YES;
				GCC_WARN_ABOUT_RETURN_TYPE = YES_ERROR;
				GCC_WARN_UNDECLARED_SELECTOR = YES;
				GCC_WARN_UNINITIALIZED_AUTOS = YES_AGGRESSIVE;
				GCC_WARN_UNUSED_FUNCTION = YES;
				GCC_WARN_UNUSED_VARIABLE = YES;
				IPHONEOS_DEPLOYMENT_TARGET = 17.2;
				LOCALIZATION_PREFERS_STRING_CATALOGS = YES;
				MTL_ENABLE_DEBUG_INFO = INCLUDE_SOURCE;
				MTL_FAST_MATH = YES;
				ONLY_ACTIVE_ARCH = YES;
				SDKROOT = iphoneos;
				SWIFT_ACTIVE_COMPILATION_CONDITIONS = "DEBUG $(inherited)";
				SWIFT_OPTIMIZATION_LEVEL = "-Onone";
			};
			name = Debug;
		};
		BBFE2F282BA1928700094AF1 /* Release */ = {
			isa = XCBuildConfiguration;
			buildSettings = {
				ALWAYS_SEARCH_USER_PATHS = NO;
				ASSETCATALOG_COMPILER_GENERATE_SWIFT_ASSET_SYMBOL_EXTENSIONS = YES;
				CLANG_ANALYZER_NONNULL = YES;
				CLANG_ANALYZER_NUMBER_OBJECT_CONVERSION = YES_AGGRESSIVE;
				CLANG_CXX_LANGUAGE_STANDARD = "gnu++20";
				CLANG_ENABLE_MODULES = YES;
				CLANG_ENABLE_OBJC_ARC = YES;
				CLANG_ENABLE_OBJC_WEAK = YES;
				CLANG_WARN_BLOCK_CAPTURE_AUTORELEASING = YES;
				CLANG_WARN_BOOL_CONVERSION = YES;
				CLANG_WARN_COMMA = YES;
				CLANG_WARN_CONSTANT_CONVERSION = YES;
				CLANG_WARN_DEPRECATED_OBJC_IMPLEMENTATIONS = YES;
				CLANG_WARN_DIRECT_OBJC_ISA_USAGE = YES_ERROR;
				CLANG_WARN_DOCUMENTATION_COMMENTS = YES;
				CLANG_WARN_EMPTY_BODY = YES;
				CLANG_WARN_ENUM_CONVERSION = YES;
				CLANG_WARN_INFINITE_RECURSION = YES;
				CLANG_WARN_INT_CONVERSION = YES;
				CLANG_WARN_NON_LITERAL_NULL_CONVERSION = YES;
				CLANG_WARN_OBJC_IMPLICIT_RETAIN_SELF = YES;
				CLANG_WARN_OBJC_LITERAL_CONVERSION = YES;
				CLANG_WARN_OBJC_ROOT_CLASS = YES_ERROR;
				CLANG_WARN_QUOTED_INCLUDE_IN_FRAMEWORK_HEADER = YES;
				CLANG_WARN_RANGE_LOOP_ANALYSIS = YES;
				CLANG_WARN_STRICT_PROTOTYPES = YES;
				CLANG_WARN_SUSPICIOUS_MOVE = YES;
				CLANG_WARN_UNGUARDED_AVAILABILITY = YES_AGGRESSIVE;
				CLANG_WARN_UNREACHABLE_CODE = YES;
				CLANG_WARN__DUPLICATE_METHOD_MATCH = YES;
				COPY_PHASE_STRIP = NO;
				DEBUG_INFORMATION_FORMAT = "dwarf-with-dsym";
				ENABLE_NS_ASSERTIONS = NO;
				ENABLE_STRICT_OBJC_MSGSEND = YES;
				ENABLE_USER_SCRIPT_SANDBOXING = YES;
				GCC_C_LANGUAGE_STANDARD = gnu17;
				GCC_NO_COMMON_BLOCKS = YES;
				GCC_WARN_64_TO_32_BIT_CONVERSION = YES;
				GCC_WARN_ABOUT_RETURN_TYPE = YES_ERROR;
				GCC_WARN_UNDECLARED_SELECTOR = YES;
				GCC_WARN_UNINITIALIZED_AUTOS = YES_AGGRESSIVE;
				GCC_WARN_UNUSED_FUNCTION = YES;
				GCC_WARN_UNUSED_VARIABLE = YES;
				IPHONEOS_DEPLOYMENT_TARGET = 17.2;
				LOCALIZATION_PREFERS_STRING_CATALOGS = YES;
				MTL_ENABLE_DEBUG_INFO = NO;
				MTL_FAST_MATH = YES;
				SDKROOT = iphoneos;
				SWIFT_COMPILATION_MODE = wholemodule;
				VALIDATE_PRODUCT = YES;
			};
			name = Release;
		};
		BBFE2F2A2BA1928700094AF1 /* Debug */ = {
			isa = XCBuildConfiguration;
			buildSettings = {
				ASSETCATALOG_COMPILER_APPICON_NAME = AppIcon;
				ASSETCATALOG_COMPILER_GLOBAL_ACCENT_COLOR_NAME = AccentColor;
				CODE_SIGN_STYLE = Automatic;
				CURRENT_PROJECT_VERSION = 1;
				DEVELOPMENT_ASSET_PATHS = "\"JobSearch/Preview Content\"";
				DEVELOPMENT_TEAM = 4G4D5WHAZT;
				ENABLE_PREVIEWS = YES;
				GENERATE_INFOPLIST_FILE = YES;
				INFOPLIST_KEY_UIApplicationSceneManifest_Generation = YES;
				INFOPLIST_KEY_UIApplicationSupportsIndirectInputEvents = YES;
				INFOPLIST_KEY_UILaunchScreen_Generation = YES;
				INFOPLIST_KEY_UISupportedInterfaceOrientations_iPad = "UIInterfaceOrientationPortrait UIInterfaceOrientationPortraitUpsideDown UIInterfaceOrientationLandscapeLeft UIInterfaceOrientationLandscapeRight";
				INFOPLIST_KEY_UISupportedInterfaceOrientations_iPhone = "UIInterfaceOrientationPortrait UIInterfaceOrientationLandscapeLeft UIInterfaceOrientationLandscapeRight";
				LD_RUNPATH_SEARCH_PATHS = (
					"$(inherited)",
					"@executable_path/Frameworks",
				);
				MARKETING_VERSION = 1.0;
				PRODUCT_BUNDLE_IDENTIFIER = local.JobSearch;
				PRODUCT_NAME = "$(TARGET_NAME)";
				SWIFT_EMIT_LOC_STRINGS = YES;
				SWIFT_VERSION = 5.0;
				TARGETED_DEVICE_FAMILY = "1,2";
			};
			name = Debug;
		};
		BBFE2F2B2BA1928700094AF1 /* Release */ = {
			isa = XCBuildConfiguration;
			buildSettings = {
				ASSETCATALOG_COMPILER_APPICON_NAME = AppIcon;
				ASSETCATALOG_COMPILER_GLOBAL_ACCENT_COLOR_NAME = AccentColor;
				CODE_SIGN_STYLE = Automatic;
				CURRENT_PROJECT_VERSION = 1;
				DEVELOPMENT_ASSET_PATHS = "\"JobSearch/Preview Content\"";
				DEVELOPMENT_TEAM = 4G4D5WHAZT;
				ENABLE_PREVIEWS = YES;
				GENERATE_INFOPLIST_FILE = YES;
				INFOPLIST_KEY_UIApplicationSceneManifest_Generation = YES;
				INFOPLIST_KEY_UIApplicationSupportsIndirectInputEvents = YES;
				INFOPLIST_KEY_UILaunchScreen_Generation = YES;
				INFOPLIST_KEY_UISupportedInterfaceOrientations_iPad = "UIInterfaceOrientationPortrait UIInterfaceOrientationPortraitUpsideDown UIInterfaceOrientationLandscapeLeft UIInterfaceOrientationLandscapeRight";
				INFOPLIST_KEY_UISupportedInterfaceOrientations_iPhone = "UIInterfaceOrientationPortrait UIInterfaceOrientationLandscapeLeft UIInterfaceOrientationLandscapeRight";
				LD_RUNPATH_SEARCH_PATHS = (
					"$(inherited)",
					"@executable_path/Frameworks",
				);
				MARKETING_VERSION = 1.0;
				PRODUCT_BUNDLE_IDENTIFIER = local.JobSearch;
				PRODUCT_NAME = "$(TARGET_NAME)";
				SWIFT_EMIT_LOC_STRINGS = YES;
				SWIFT_VERSION = 5.0;
				TARGETED_DEVICE_FAMILY = "1,2";
			};
			name = Release;
		};
/* End XCBuildConfiguration section */

/* Begin XCConfigurationList section */
		BBFE2F162BA1928500094AF1 /* Build configuration list for PBXProject "JobSearch" */ = {
			isa = XCConfigurationList;
			buildConfigurations = (
				BBFE2F272BA1928700094AF1 /* Debug */,
				BBFE2F282BA1928700094AF1 /* Release */,
			);
			defaultConfigurationIsVisible = 0;
			defaultConfigurationName = Release;
		};
		BBFE2F292BA1928700094AF1 /* Build configuration list for PBXNativeTarget "JobSearch" */ = {
			isa = XCConfigurationList;
			buildConfigurations = (
				BBFE2F2A2BA1928700094AF1 /* Debug */,
				BBFE2F2B2BA1928700094AF1 /* Release */,
			);
			defaultConfigurationIsVisible = 0;
			defaultConfigurationName = Release;
		};
/* End XCConfigurationList section */
	};
	rootObject = BBFE2F132BA1928500094AF1 /* Project object */;
}
